
Microsoft Visual Studio Solution File, Format Version 12.00
# Visual Studio Version 17
VisualStudioVersion = 17.10.35004.147
MinimumVisualStudioVersion = 10.0.40219.1
Project("{FAE04EC0-301F-11D3-BF4B-00C04F79EFBC}") = "AVeryBigSum", "AVeryBigSum\AVeryBigSum.csproj", "{81BAB465-BF93-4837-9AB6-34E19E2AD104}"
EndProject
Global
	GlobalSection(SolutionConfigurationPlatforms) = preSolution
		Debug|Any CPU = Debug|Any CPU
		Release|Any CPU = Release|Any CPU
	EndGlobalSection
	GlobalSection(ProjectConfigurationPlatforms) = postSolution
		{81BAB465-BF93-4837-9AB6-34E19E2AD104}.Debug|Any CPU.ActiveCfg = Debug|Any CPU
		{81BAB465-BF93-4837-9AB6-34E19E2AD104}.Debug|Any CPU.Build.0 = Debug|Any CPU
		{81BAB465-BF93-4837-9AB6-34E19E2AD104}.Release|Any CPU.ActiveCfg = Release|Any CPU
		{81BAB465-BF93-4837-9AB6-34E19E2AD104}.Release|Any CPU.Build.0 = Release|Any CPU
	EndGlobalSection
	GlobalSection(SolutionProperties) = preSolution
		HideSolutionNode = FALSE
	EndGlobalSection
	GlobalSection(ExtensibilityGlobals) = postSolution
		SolutionGuid = {F8C2C4D4-1D19-4220-A9EE-A12F8C963167}
	EndGlobalSection
EndGlobal
